
Microsoft Visual Studio Solution File, Format Version 12.00
# Visual Studio 15
VisualStudioVersion = 15.0.28016.0
MinimumVisualStudioVersion = 10.0.40219.1
Project("{888888A0-9F3D-457C-B088-3A5042F75D52}") = "public_python", "public_python\public_python.pyproj", "{38E8B1A7-DDB8-4DD7-A2D6-F3A4A6A26546}"
EndProject
Global
	GlobalSection(SolutionConfigurationPlatforms) = preSolution
		Debug|Any CPU = Debug|Any CPU
		Release|Any CPU = Release|Any CPU
	EndGlobalSection
	GlobalSection(ProjectConfigurationPlatforms) = postSolution
		{38E8B1A7-DDB8-4DD7-A2D6-F3A4A6A26546}.Debug|Any CPU.ActiveCfg = Debug|Any CPU
		{38E8B1A7-DDB8-4DD7-A2D6-F3A4A6A26546}.Debug|Any CPU.Build.0 = Debug|Any CPU
		{38E8B1A7-DDB8-4DD7-A2D6-F3A4A6A26546}.Release|Any CPU.ActiveCfg = Debug|Any CPU
		{38E8B1A7-DDB8-4DD7-A2D6-F3A4A6A26546}.Release|Any CPU.Build.0 = Debug|Any CPU
	EndGlobalSection
	GlobalSection(SolutionProperties) = preSolution
		HideSolutionNode = FALSE
	EndGlobalSection
	GlobalSection(ExtensibilityGlobals) = postSolution
		SolutionGuid = {318BE909-0B50-4F5B-817D-E8DA91E10FD8}
	EndGlobalSection
EndGlobal
